{
  "name": "chess_human",
  "version": "1.0.0",
  "lockfileVersion": 1,
  "requires": true,
  "dependencies": {
    "@chrisoakman/chessboardjs": {
      "version": "1.0.0",
      "resolved": "https://registry.npmjs.org/@chrisoakman/chessboardjs/-/chessboardjs-1.0.0.tgz",
      "integrity": "sha512-JHXHoQwwc86xW3F0YIdFcEWLnPldee5mHkqwJbOTeDh5gvNmYXyBj6AkeecDkj2WtORF959yaWYlpyZHUl3LCQ==",
      "requires": {
        "jquery": ">=3.4.1"
      }
    },
    "chess.js": {
      "version": "0.12.0",
      "resolved": "https://registry.npmjs.org/chess.js/-/chess.js-0.12.0.tgz",
      "integrity": "sha512-eF1xf4j88r/AwIRxqV1FXZbVgMt4yUx05xrL+ZMqUrY+snFrUxGVHs0VgEd3AvngujDE9th7XZqqCwEKEQ7mWQ=="
    },
    "jquery": {
      "version": "3.6.0",
      "resolved": "https://registry.npmjs.org/jquery/-/jquery-3.6.0.tgz",
      "integrity": "sha512-JVzAR/AjBvVt2BmYhxRCSYysDsPcssdmTFnzyLEts9qNwmjmu4JTAMYubEfwVOSwpQ1I1sKKFcxhZCI2buerfw=="
    }
  }
}
